
Microsoft Visual Studio Solution File, Format Version 10.00
# Visual C# Express 2008
Project("{FAE04EC0-301F-11D3-BF4B-00C04F79EFBC}") = "Excel.Linq.2008", "Excel.Linq\Excel.Linq.2008.csproj", "{90F83B4E-E66E-45EF-8CCB-327EB623C08D}"
EndProject
Project("{FAE04EC0-301F-11D3-BF4B-00C04F79EFBC}") = "Excel.Linq.Test.2008", "Excel.Linq.Test\Excel.Linq.Test.2008.csproj", "{0D4AFB8C-76C4-42EF-81CD-21B67C639D8C}"
EndProject
Global
	GlobalSection(SolutionConfigurationPlatforms) = preSolution
		Debug|Any CPU = Debug|Any CPU
		Release|Any CPU = Release|Any CPU
	EndGlobalSection
	GlobalSection(ProjectConfigurationPlatforms) = postSolution
		{90F83B4E-E66E-45EF-8CCB-327EB623C08D}.Debug|Any CPU.ActiveCfg = Debug|Any CPU
		{90F83B4E-E66E-45EF-8CCB-327EB623C08D}.Debug|Any CPU.Build.0 = Debug|Any CPU
		{90F83B4E-E66E-45EF-8CCB-327EB623C08D}.Release|Any CPU.ActiveCfg = Release|Any CPU
		{90F83B4E-E66E-45EF-8CCB-327EB623C08D}.Release|Any CPU.Build.0 = Release|Any CPU
		{0D4AFB8C-76C4-42EF-81CD-21B67C639D8C}.Debug|Any CPU.ActiveCfg = Debug|Any CPU
		{0D4AFB8C-76C4-42EF-81CD-21B67C639D8C}.Debug|Any CPU.Build.0 = Debug|Any CPU
		{0D4AFB8C-76C4-42EF-81CD-21B67C639D8C}.Release|Any CPU.ActiveCfg = Release|Any CPU
		{0D4AFB8C-76C4-42EF-81CD-21B67C639D8C}.Release|Any CPU.Build.0 = Release|Any CPU
	EndGlobalSection
	GlobalSection(SolutionProperties) = preSolution
		HideSolutionNode = FALSE
	EndGlobalSection
EndGlobal
